
Microsoft Visual Studio Solution File, Format Version 12.00
# Visual Studio 15
VisualStudioVersion = 15.0.27004.2008
MinimumVisualStudioVersion = 10.0.40219.1
Project("{FAE04EC0-301F-11D3-BF4B-00C04F79EFBC}") = "AwesomeLib", "AwesomeLib\AwesomeLib.csproj", "{1A763E1E-14A3-4530-A779-ED4D301D94E7}"
EndProject
Project("{FAE04EC0-301F-11D3-BF4B-00C04F79EFBC}") = "AwesomeLibTests", "AwesomeLibTests\AwesomeLibTests.csproj", "{00FDB8DB-DBB0-42F2-A809-638B3FB141FF}"
EndProject
Project("{FAE04EC0-301F-11D3-BF4B-00C04F79EFBC}") = "AwesomeLibTestsXUnit", "AwesomeLibTestsXUnit\AwesomeLibTestsXUnit.csproj", "{664E7EC6-621F-40B7-A0CC-B8A62D982365}"
EndProject
Global
	GlobalSection(SolutionConfigurationPlatforms) = preSolution
		Debug|Any CPU = Debug|Any CPU
		Release|Any CPU = Release|Any CPU
	EndGlobalSection
	GlobalSection(ProjectConfigurationPlatforms) = postSolution
		{1A763E1E-14A3-4530-A779-ED4D301D94E7}.Debug|Any CPU.ActiveCfg = Debug|Any CPU
		{1A763E1E-14A3-4530-A779-ED4D301D94E7}.Debug|Any CPU.Build.0 = Debug|Any CPU
		{1A763E1E-14A3-4530-A779-ED4D301D94E7}.Release|Any CPU.ActiveCfg = Release|Any CPU
		{1A763E1E-14A3-4530-A779-ED4D301D94E7}.Release|Any CPU.Build.0 = Release|Any CPU
		{00FDB8DB-DBB0-42F2-A809-638B3FB141FF}.Debug|Any CPU.ActiveCfg = Debug|Any CPU
		{00FDB8DB-DBB0-42F2-A809-638B3FB141FF}.Debug|Any CPU.Build.0 = Debug|Any CPU
		{00FDB8DB-DBB0-42F2-A809-638B3FB141FF}.Release|Any CPU.ActiveCfg = Release|Any CPU
		{00FDB8DB-DBB0-42F2-A809-638B3FB141FF}.Release|Any CPU.Build.0 = Release|Any CPU
		{664E7EC6-621F-40B7-A0CC-B8A62D982365}.Debug|Any CPU.ActiveCfg = Debug|Any CPU
		{664E7EC6-621F-40B7-A0CC-B8A62D982365}.Debug|Any CPU.Build.0 = Debug|Any CPU
		{664E7EC6-621F-40B7-A0CC-B8A62D982365}.Release|Any CPU.ActiveCfg = Release|Any CPU
		{664E7EC6-621F-40B7-A0CC-B8A62D982365}.Release|Any CPU.Build.0 = Release|Any CPU
	EndGlobalSection
	GlobalSection(SolutionProperties) = preSolution
		HideSolutionNode = FALSE
	EndGlobalSection
	GlobalSection(ExtensibilityGlobals) = postSolution
		SolutionGuid = {13952C7B-0B2C-423F-9FE4-917887C908FF}
	EndGlobalSection
EndGlobal
